{
    "version": 3,
    "terraform_version": "0.11.14",
    "serial": 27,
    "lineage": "d015ea39-c281-5f90-cceb-6a0d74ff6295",
    "modules": [
        {
            "path": [
                "root"
            ],
            "outputs": {},
            "resources": {
                "azurerm_lb.loadbalancer": {
                    "type": "azurerm_lb",
                    "depends_on": [
                        "azurerm_public_ip.techpublicip.*",
                        "azurerm_resource_group.DEV"
                    ],
                    "primary": {
                        "id": "/subscriptions/c784a352-b091-4eb3-83e3-c06015660293/resourceGroups/DEV/providers/Microsoft.Network/loadBalancers/TestLoadBalancer",
                        "attributes": {
                            "frontend_ip_configuration.#": "1",
                            "frontend_ip_configuration.0.inbound_nat_rules.#": "0",
                            "frontend_ip_configuration.0.load_balancer_rules.#": "0",
                            "frontend_ip_configuration.0.name": "PublicIPAddress",
                            "frontend_ip_configuration.0.outbound_rules.#": "0",
                            "frontend_ip_configuration.0.private_ip_address": "",
                            "frontend_ip_configuration.0.private_ip_address_allocation": "Dynamic",
                            "frontend_ip_configuration.0.public_ip_address_id": "/subscriptions/c784a352-b091-4eb3-83e3-c06015660293/resourceGroups/DEV/providers/Microsoft.Network/publicIPAddresses/myPublicIP-0",
                            "frontend_ip_configuration.0.subnet_id": "",
                            "frontend_ip_configuration.0.zones.#": "0",
                            "id": "/subscriptions/c784a352-b091-4eb3-83e3-c06015660293/resourceGroups/DEV/providers/Microsoft.Network/loadBalancers/TestLoadBalancer",
                            "location": "francecentral",
                            "name": "TestLoadBalancer",
                            "private_ip_address": "",
                            "private_ip_addresses.#": "0",
                            "resource_group_name": "DEV",
                            "sku": "Basic",
                            "tags.%": "0"
                        },
                        "meta": {},
                        "tainted": false
                    },
                    "deposed": [],
                    "provider": "provider.azurerm"
                },
                "azurerm_lb_nat_pool.test": {
                    "type": "azurerm_lb_nat_pool",
                    "depends_on": [
                        "azurerm_lb.loadbalancer",
                        "azurerm_resource_group.DEV"
                    ],
                    "primary": {
                        "id": "/subscriptions/c784a352-b091-4eb3-83e3-c06015660293/resourceGroups/DEV/providers/Microsoft.Network/loadBalancers/TestLoadBalancer/inboundNatPools/SampleApplicationPool",
                        "attributes": {
                            "backend_port": "8080",
                            "frontend_ip_configuration_id": "/subscriptions/c784a352-b091-4eb3-83e3-c06015660293/resourceGroups/DEV/providers/Microsoft.Network/loadBalancers/TestLoadBalancer/frontendIPConfigurations/PublicIPAddress",
                            "frontend_ip_configuration_name": "PublicIPAddress",
                            "frontend_port_end": "81",
                            "frontend_port_start": "80",
                            "id": "/subscriptions/c784a352-b091-4eb3-83e3-c06015660293/resourceGroups/DEV/providers/Microsoft.Network/loadBalancers/TestLoadBalancer/inboundNatPools/SampleApplicationPool",
                            "loadbalancer_id": "/subscriptions/c784a352-b091-4eb3-83e3-c06015660293/resourceGroups/DEV/providers/Microsoft.Network/loadBalancers/TestLoadBalancer",
                            "name": "SampleApplicationPool",
                            "protocol": "Tcp",
                            "resource_group_name": "DEV"
                        },
                        "meta": {},
                        "tainted": false
                    },
                    "deposed": [],
                    "provider": "provider.azurerm"
                },
                "azurerm_network_interface.NetIntdata": {
                    "type": "azurerm_network_interface",
                    "depends_on": [
                        "azurerm_public_ip.datapublicip",
                        "azurerm_resource_group.DEV",
                        "azurerm_subnet.datasubnet"
                    ],
                    "primary": {
                        "id": "/subscriptions/c784a352-b091-4eb3-83e3-c06015660293/resourceGroups/DEV/providers/Microsoft.Network/networkInterfaces/NWIDATA",
                        "attributes": {
                            "applied_dns_servers.#": "0",
                            "dns_servers.#": "0",
                            "enable_accelerated_networking": "false",
                            "enable_ip_forwarding": "false",
                            "id": "/subscriptions/c784a352-b091-4eb3-83e3-c06015660293/resourceGroups/DEV/providers/Microsoft.Network/networkInterfaces/NWIDATA",
                            "internal_dns_name_label": "",
                            "internal_fqdn": "",
                            "ip_configuration.#": "1",
                            "ip_configuration.0.application_gateway_backend_address_pools_ids.#": "0",
                            "ip_configuration.0.application_security_group_ids.#": "0",
                            "ip_configuration.0.load_balancer_backend_address_pools_ids.#": "0",
                            "ip_configuration.0.load_balancer_inbound_nat_rules_ids.#": "0",
                            "ip_configuration.0.name": "NWI-Configuration-apps",
                            "ip_configuration.0.primary": "true",
                            "ip_configuration.0.private_ip_address": "",
                            "ip_configuration.0.private_ip_address_allocation": "dynamic",
                            "ip_configuration.0.private_ip_address_version": "IPv4",
                            "ip_configuration.0.public_ip_address_id": "/subscriptions/c784a352-b091-4eb3-83e3-c06015660293/resourceGroups/DEV/providers/Microsoft.Network/publicIPAddresses/dataPublicIP",
                            "ip_configuration.0.subnet_id": "/subscriptions/c784a352-b091-4eb3-83e3-c06015660293/resourceGroups/DEV/providers/Microsoft.Network/virtualNetworks/dataVN/subnets/dataSN",
                            "location": "francecentral",
                            "mac_address": "00-0D-3A-3C-12-B2",
                            "name": "NWIDATA",
                            "network_security_group_id": "",
                            "private_ip_address": "10.0.0.4",
                            "private_ip_addresses.#": "1",
                            "private_ip_addresses.0": "10.0.0.4",
                            "resource_group_name": "DEV",
                            "tags.%": "1",
                            "tags.environment": "DATA",
                            "virtual_machine_id": "/subscriptions/c784a352-b091-4eb3-83e3-c06015660293/resourceGroups/DEV/providers/Microsoft.Compute/virtualMachines/dataVM"
                        },
                        "meta": {},
                        "tainted": false
                    },
                    "deposed": [],
                    "provider": "provider.azurerm"
                },
                "azurerm_network_interface.appsIntTech": {
                    "type": "azurerm_network_interface",
                    "depends_on": [
                        "azurerm_public_ip.appspublicip",
                        "azurerm_resource_group.DEV",
                        "azurerm_subnet.appssubnet"
                    ],
                    "primary": {
                        "id": "/subscriptions/c784a352-b091-4eb3-83e3-c06015660293/resourceGroups/DEV/providers/Microsoft.Network/networkInterfaces/NWIapps",
                        "attributes": {
                            "applied_dns_servers.#": "0",
                            "dns_servers.#": "0",
                            "enable_accelerated_networking": "false",
                            "enable_ip_forwarding": "false",
                            "id": "/subscriptions/c784a352-b091-4eb3-83e3-c06015660293/resourceGroups/DEV/providers/Microsoft.Network/networkInterfaces/NWIapps",
                            "internal_dns_name_label": "",
                            "internal_fqdn": "",
                            "ip_configuration.#": "1",
                            "ip_configuration.0.application_gateway_backend_address_pools_ids.#": "0",
                            "ip_configuration.0.application_security_group_ids.#": "0",
                            "ip_configuration.0.load_balancer_backend_address_pools_ids.#": "0",
                            "ip_configuration.0.load_balancer_inbound_nat_rules_ids.#": "0",
                            "ip_configuration.0.name": "NWI-Configuration-apps",
                            "ip_configuration.0.primary": "true",
                            "ip_configuration.0.private_ip_address": "",
                            "ip_configuration.0.private_ip_address_allocation": "dynamic",
                            "ip_configuration.0.private_ip_address_version": "IPv4",
                            "ip_configuration.0.public_ip_address_id": "/subscriptions/c784a352-b091-4eb3-83e3-c06015660293/resourceGroups/DEV/providers/Microsoft.Network/publicIPAddresses/appsPublicIP",
                            "ip_configuration.0.subnet_id": "/subscriptions/c784a352-b091-4eb3-83e3-c06015660293/resourceGroups/DEV/providers/Microsoft.Network/virtualNetworks/appsVN/subnets/appsSN",
                            "location": "francecentral",
                            "mac_address": "00-0D-3A-3C-2D-2F",
                            "name": "NWIapps",
                            "network_security_group_id": "",
                            "private_ip_address": "10.0.0.4",
                            "private_ip_addresses.#": "1",
                            "private_ip_addresses.0": "10.0.0.4",
                            "resource_group_name": "DEV",
                            "tags.%": "1",
                            "tags.environment": "APPS",
                            "virtual_machine_id": "/subscriptions/c784a352-b091-4eb3-83e3-c06015660293/resourceGroups/DEV/providers/Microsoft.Compute/virtualMachines/appVM"
                        },
                        "meta": {},
                        "tainted": false
                    },
                    "deposed": [],
                    "provider": "provider.azurerm"
                },
                "azurerm_network_security_group.apsssecu": {
                    "type": "azurerm_network_security_group",
                    "depends_on": [
                        "azurerm_resource_group.DEV"
                    ],
                    "primary": {
                        "id": "/subscriptions/c784a352-b091-4eb3-83e3-c06015660293/resourceGroups/DEV/providers/Microsoft.Network/networkSecurityGroups/appsecu",
                        "attributes": {
                            "id": "/subscriptions/c784a352-b091-4eb3-83e3-c06015660293/resourceGroups/DEV/providers/Microsoft.Network/networkSecurityGroups/appsecu",
                            "location": "francecentral",
                            "name": "appsecu",
                            "resource_group_name": "DEV",
                            "security_rule.#": "1",
                            "security_rule.2878125052.access": "Allow",
                            "security_rule.2878125052.description": "",
                            "security_rule.2878125052.destination_address_prefix": "*",
                            "security_rule.2878125052.destination_address_prefixes.#": "0",
                            "security_rule.2878125052.destination_application_security_group_ids.#": "0",
                            "security_rule.2878125052.destination_port_range": "7050",
                            "security_rule.2878125052.destination_port_ranges.#": "0",
                            "security_rule.2878125052.direction": "Inbound",
                            "security_rule.2878125052.name": "apssrules",
                            "security_rule.2878125052.priority": "110",
                            "security_rule.2878125052.protocol": "Tcp",
                            "security_rule.2878125052.source_address_prefix": "*",
                            "security_rule.2878125052.source_address_prefixes.#": "0",
                            "security_rule.2878125052.source_application_security_group_ids.#": "0",
                            "security_rule.2878125052.source_port_range": "7050",
                            "security_rule.2878125052.source_port_ranges.#": "0",
                            "tags.%": "1",
                            "tags.environment": "APPS"
                        },
                        "meta": {},
                        "tainted": false
                    },
                    "deposed": [],
                    "provider": "provider.azurerm"
                },
                "azurerm_network_security_group.datasecu": {
                    "type": "azurerm_network_security_group",
                    "depends_on": [
                        "azurerm_resource_group.DEV"
                    ],
                    "primary": {
                        "id": "/subscriptions/c784a352-b091-4eb3-83e3-c06015660293/resourceGroups/DEV/providers/Microsoft.Network/networkSecurityGroups/datasecu",
                        "attributes": {
                            "id": "/subscriptions/c784a352-b091-4eb3-83e3-c06015660293/resourceGroups/DEV/providers/Microsoft.Network/networkSecurityGroups/datasecu",
                            "location": "francecentral",
                            "name": "datasecu",
                            "resource_group_name": "DEV",
                            "security_rule.#": "2",
                            "security_rule.1818346108.access": "Allow",
                            "security_rule.1818346108.description": "",
                            "security_rule.1818346108.destination_address_prefix": "*",
                            "security_rule.1818346108.destination_address_prefixes.#": "0",
                            "security_rule.1818346108.destination_application_security_group_ids.#": "0",
                            "security_rule.1818346108.destination_port_range": "1251",
                            "security_rule.1818346108.destination_port_ranges.#": "0",
                            "security_rule.1818346108.direction": "Inbound",
                            "security_rule.1818346108.name": "datarules",
                            "security_rule.1818346108.priority": "120",
                            "security_rule.1818346108.protocol": "Tcp",
                            "security_rule.1818346108.source_address_prefix": "*",
                            "security_rule.1818346108.source_address_prefixes.#": "0",
                            "security_rule.1818346108.source_application_security_group_ids.#": "0",
                            "security_rule.1818346108.source_port_range": "1251",
                            "security_rule.1818346108.source_port_ranges.#": "0",
                            "security_rule.237613398.access": "Allow",
                            "security_rule.237613398.description": "",
                            "security_rule.237613398.destination_address_prefix": "*",
                            "security_rule.237613398.destination_address_prefixes.#": "0",
                            "security_rule.237613398.destination_application_security_group_ids.#": "0",
                            "security_rule.237613398.destination_port_range": "445",
                            "security_rule.237613398.destination_port_ranges.#": "0",
                            "security_rule.237613398.direction": "Outbound",
                            "security_rule.237613398.name": "datarules2",
                            "security_rule.237613398.priority": "130",
                            "security_rule.237613398.protocol": "Tcp",
                            "security_rule.237613398.source_address_prefix": "*",
                            "security_rule.237613398.source_address_prefixes.#": "0",
                            "security_rule.237613398.source_application_security_group_ids.#": "0",
                            "security_rule.237613398.source_port_range": "*",
                            "security_rule.237613398.source_port_ranges.#": "0",
                            "tags.%": "1",
                            "tags.environment": "DATA"
                        },
                        "meta": {},
                        "tainted": false
                    },
                    "deposed": [],
                    "provider": "provider.azurerm"
                },
                "azurerm_network_security_group.techsecu": {
                    "type": "azurerm_network_security_group",
                    "depends_on": [
                        "azurerm_resource_group.DEV"
                    ],
                    "primary": {
                        "id": "/subscriptions/c784a352-b091-4eb3-83e3-c06015660293/resourceGroups/DEV/providers/Microsoft.Network/networkSecurityGroups/techsecu",
                        "attributes": {
                            "id": "/subscriptions/c784a352-b091-4eb3-83e3-c06015660293/resourceGroups/DEV/providers/Microsoft.Network/networkSecurityGroups/techsecu",
                            "location": "francecentral",
                            "name": "techsecu",
                            "resource_group_name": "DEV",
                            "security_rule.#": "1",
                            "security_rule.4091879178.access": "Allow",
                            "security_rule.4091879178.description": "",
                            "security_rule.4091879178.destination_address_prefix": "*",
                            "security_rule.4091879178.destination_address_prefixes.#": "0",
                            "security_rule.4091879178.destination_application_security_group_ids.#": "0",
                            "security_rule.4091879178.destination_port_range": "*",
                            "security_rule.4091879178.destination_port_ranges.#": "0",
                            "security_rule.4091879178.direction": "Inbound",
                            "security_rule.4091879178.name": "techrules",
                            "security_rule.4091879178.priority": "100",
                            "security_rule.4091879178.protocol": "Tcp",
                            "security_rule.4091879178.source_address_prefix": "*",
                            "security_rule.4091879178.source_address_prefixes.#": "0",
                            "security_rule.4091879178.source_application_security_group_ids.#": "0",
                            "security_rule.4091879178.source_port_range": "",
                            "security_rule.4091879178.source_port_ranges.#": "1",
                            "security_rule.4091879178.source_port_ranges.1685985038": "22",
                            "tags.%": "1",
                            "tags.environment": "TECH"
                        },
                        "meta": {},
                        "tainted": false
                    },
                    "deposed": [],
                    "provider": "provider.azurerm"
                },
                "azurerm_public_ip.appspublicip": {
                    "type": "azurerm_public_ip",
                    "depends_on": [
                        "azurerm_resource_group.DEV"
                    ],
                    "primary": {
                        "id": "/subscriptions/c784a352-b091-4eb3-83e3-c06015660293/resourceGroups/DEV/providers/Microsoft.Network/publicIPAddresses/appsPublicIP",
                        "attributes": {
                            "allocation_method": "Dynamic",
                            "id": "/subscriptions/c784a352-b091-4eb3-83e3-c06015660293/resourceGroups/DEV/providers/Microsoft.Network/publicIPAddresses/appsPublicIP",
                            "idle_timeout_in_minutes": "4",
                            "ip_address": "40.89.139.114",
                            "ip_version": "IPv4",
                            "location": "francecentral",
                            "name": "appsPublicIP",
                            "public_ip_address_allocation": "Dynamic",
                            "resource_group_name": "DEV",
                            "sku": "Basic",
                            "tags.%": "1",
                            "tags.environment": "APPS",
                            "zones.#": "0"
                        },
                        "meta": {},
                        "tainted": false
                    },
                    "deposed": [],
                    "provider": "provider.azurerm"
                },
                "azurerm_public_ip.datapublicip": {
                    "type": "azurerm_public_ip",
                    "depends_on": [
                        "azurerm_resource_group.DEV"
                    ],
                    "primary": {
                        "id": "/subscriptions/c784a352-b091-4eb3-83e3-c06015660293/resourceGroups/DEV/providers/Microsoft.Network/publicIPAddresses/dataPublicIP",
                        "attributes": {
                            "allocation_method": "Dynamic",
                            "id": "/subscriptions/c784a352-b091-4eb3-83e3-c06015660293/resourceGroups/DEV/providers/Microsoft.Network/publicIPAddresses/dataPublicIP",
                            "idle_timeout_in_minutes": "4",
                            "ip_address": "40.89.139.118",
                            "ip_version": "IPv4",
                            "location": "francecentral",
                            "name": "dataPublicIP",
                            "public_ip_address_allocation": "Dynamic",
                            "resource_group_name": "DEV",
                            "sku": "Basic",
                            "tags.%": "1",
                            "tags.environment": "DATA",
                            "zones.#": "0"
                        },
                        "meta": {},
                        "tainted": false
                    },
                    "deposed": [],
                    "provider": "provider.azurerm"
                },
                "azurerm_public_ip.techpublicip.0": {
                    "type": "azurerm_public_ip",
                    "depends_on": [
                        "azurerm_resource_group.DEV"
                    ],
                    "primary": {
                        "id": "/subscriptions/c784a352-b091-4eb3-83e3-c06015660293/resourceGroups/DEV/providers/Microsoft.Network/publicIPAddresses/myPublicIP-0",
                        "attributes": {
                            "allocation_method": "Static",
                            "id": "/subscriptions/c784a352-b091-4eb3-83e3-c06015660293/resourceGroups/DEV/providers/Microsoft.Network/publicIPAddresses/myPublicIP-0",
                            "idle_timeout_in_minutes": "4",
                            "ip_address": "52.143.166.4",
                            "ip_version": "IPv4",
                            "location": "francecentral",
                            "name": "myPublicIP-0",
                            "public_ip_address_allocation": "Static",
                            "resource_group_name": "DEV",
                            "sku": "Basic",
                            "tags.%": "1",
                            "tags.environment": "TECH",
                            "zones.#": "0"
                        },
                        "meta": {},
                        "tainted": false
                    },
                    "deposed": [],
                    "provider": "provider.azurerm"
                },
                "azurerm_public_ip.techpublicip.1": {
                    "type": "azurerm_public_ip",
                    "depends_on": [
                        "azurerm_resource_group.DEV"
                    ],
                    "primary": {
                        "id": "/subscriptions/c784a352-b091-4eb3-83e3-c06015660293/resourceGroups/DEV/providers/Microsoft.Network/publicIPAddresses/myPublicIP-1",
                        "attributes": {
                            "allocation_method": "Static",
                            "id": "/subscriptions/c784a352-b091-4eb3-83e3-c06015660293/resourceGroups/DEV/providers/Microsoft.Network/publicIPAddresses/myPublicIP-1",
                            "idle_timeout_in_minutes": "4",
                            "ip_address": "52.143.157.73",
                            "ip_version": "IPv4",
                            "location": "francecentral",
                            "name": "myPublicIP-1",
                            "public_ip_address_allocation": "Static",
                            "resource_group_name": "DEV",
                            "sku": "Basic",
                            "tags.%": "1",
                            "tags.environment": "TECH",
                            "zones.#": "0"
                        },
                        "meta": {},
                        "tainted": false
                    },
                    "deposed": [],
                    "provider": "provider.azurerm"
                },
                "azurerm_resource_group.DEV": {
                    "type": "azurerm_resource_group",
                    "depends_on": [],
                    "primary": {
                        "id": "/subscriptions/c784a352-b091-4eb3-83e3-c06015660293/resourceGroups/DEV",
                        "attributes": {
                            "id": "/subscriptions/c784a352-b091-4eb3-83e3-c06015660293/resourceGroups/DEV",
                            "location": "francecentral",
                            "name": "DEV",
                            "tags.%": "0"
                        },
                        "meta": {},
                        "tainted": false
                    },
                    "deposed": [],
                    "provider": "provider.azurerm"
                },
                "azurerm_subnet.appssubnet": {
                    "type": "azurerm_subnet",
                    "depends_on": [
                        "azurerm_network_security_group.apsssecu",
                        "azurerm_resource_group.DEV",
                        "azurerm_virtual_network.appsnetwork"
                    ],
                    "primary": {
                        "id": "/subscriptions/c784a352-b091-4eb3-83e3-c06015660293/resourceGroups/DEV/providers/Microsoft.Network/virtualNetworks/appsVN/subnets/appsSN",
                        "attributes": {
                            "address_prefix": "10.0.0.0/24",
                            "delegation.#": "0",
                            "id": "/subscriptions/c784a352-b091-4eb3-83e3-c06015660293/resourceGroups/DEV/providers/Microsoft.Network/virtualNetworks/appsVN/subnets/appsSN",
                            "ip_configurations.#": "1",
                            "ip_configurations.1815492028": "/subscriptions/c784a352-b091-4eb3-83e3-c06015660293/resourceGroups/DEV/providers/Microsoft.Network/networkInterfaces/NWIapps/ipConfigurations/NWI-Configuration-apps",
                            "name": "appsSN",
                            "network_security_group_id": "/subscriptions/c784a352-b091-4eb3-83e3-c06015660293/resourceGroups/DEV/providers/Microsoft.Network/networkSecurityGroups/appsecu",
                            "resource_group_name": "DEV",
                            "route_table_id": "",
                            "service_endpoints.#": "0",
                            "virtual_network_name": "appsVN"
                        },
                        "meta": {},
                        "tainted": false
                    },
                    "deposed": [],
                    "provider": "provider.azurerm"
                },
                "azurerm_subnet.datasubnet": {
                    "type": "azurerm_subnet",
                    "depends_on": [
                        "azurerm_network_security_group.datasecu",
                        "azurerm_resource_group.DEV",
                        "azurerm_virtual_network.datanetwork"
                    ],
                    "primary": {
                        "id": "/subscriptions/c784a352-b091-4eb3-83e3-c06015660293/resourceGroups/DEV/providers/Microsoft.Network/virtualNetworks/dataVN/subnets/dataSN",
                        "attributes": {
                            "address_prefix": "10.0.0.0/24",
                            "delegation.#": "0",
                            "id": "/subscriptions/c784a352-b091-4eb3-83e3-c06015660293/resourceGroups/DEV/providers/Microsoft.Network/virtualNetworks/dataVN/subnets/dataSN",
                            "ip_configurations.#": "1",
                            "ip_configurations.3807586749": "/subscriptions/c784a352-b091-4eb3-83e3-c06015660293/resourceGroups/DEV/providers/Microsoft.Network/networkInterfaces/NWIDATA/ipConfigurations/NWI-Configuration-apps",
                            "name": "dataSN",
                            "network_security_group_id": "/subscriptions/c784a352-b091-4eb3-83e3-c06015660293/resourceGroups/DEV/providers/Microsoft.Network/networkSecurityGroups/datasecu",
                            "resource_group_name": "DEV",
                            "route_table_id": "",
                            "service_endpoints.#": "0",
                            "virtual_network_name": "dataVN"
                        },
                        "meta": {},
                        "tainted": false
                    },
                    "deposed": [],
                    "provider": "provider.azurerm"
                },
                "azurerm_subnet.techsubnet": {
                    "type": "azurerm_subnet",
                    "depends_on": [
                        "azurerm_network_security_group.techsecu",
                        "azurerm_resource_group.DEV",
                        "azurerm_virtual_network.technetwork"
                    ],
                    "primary": {
                        "id": "/subscriptions/c784a352-b091-4eb3-83e3-c06015660293/resourceGroups/DEV/providers/Microsoft.Network/virtualNetworks/techVN/subnets/techSN",
                        "attributes": {
                            "address_prefix": "10.0.0.0/24",
                            "delegation.#": "0",
                            "id": "/subscriptions/c784a352-b091-4eb3-83e3-c06015660293/resourceGroups/DEV/providers/Microsoft.Network/virtualNetworks/techVN/subnets/techSN",
                            "ip_configurations.#": "0",
                            "name": "techSN",
                            "network_security_group_id": "/subscriptions/c784a352-b091-4eb3-83e3-c06015660293/resourceGroups/DEV/providers/Microsoft.Network/networkSecurityGroups/techsecu",
                            "resource_group_name": "DEV",
                            "route_table_id": "",
                            "service_endpoints.#": "0",
                            "virtual_network_name": "techVN"
                        },
                        "meta": {},
                        "tainted": false
                    },
                    "deposed": [],
                    "provider": "provider.azurerm"
                },
                "azurerm_virtual_machine.appsvm": {
                    "type": "azurerm_virtual_machine",
                    "depends_on": [
                        "azurerm_network_interface.appsIntTech",
                        "azurerm_resource_group.DEV"
                    ],
                    "primary": {
                        "id": "/subscriptions/c784a352-b091-4eb3-83e3-c06015660293/resourceGroups/DEV/providers/Microsoft.Compute/virtualMachines/appVM",
                        "attributes": {
                            "delete_data_disks_on_termination": "false",
                            "delete_os_disk_on_termination": "false",
                            "id": "/subscriptions/c784a352-b091-4eb3-83e3-c06015660293/resourceGroups/DEV/providers/Microsoft.Compute/virtualMachines/appVM",
                            "identity.#": "0",
                            "location": "francecentral",
                            "name": "appVM",
                            "network_interface_ids.#": "1",
                            "network_interface_ids.0": "/subscriptions/c784a352-b091-4eb3-83e3-c06015660293/resourceGroups/DEV/providers/Microsoft.Network/networkInterfaces/NWIapps",
                            "os_profile.#": "1",
                            "os_profile.3089136409.admin_password": "",
                            "os_profile.3089136409.admin_username": "azureuser",
                            "os_profile.3089136409.computer_name": "myvm-0",
                            "os_profile.3089136409.custom_data": "",
                            "os_profile_linux_config.#": "1",
                            "os_profile_linux_config.69840937.disable_password_authentication": "true",
                            "os_profile_linux_config.69840937.ssh_keys.#": "1",
                            "os_profile_linux_config.69840937.ssh_keys.0.key_data": "ssh-rsa AAAAB3NzaC1yc2EAAAADAQABAAABAQDfnlhuPRBjUP2Qt4iw6s5QltpN1HpB4UV2ob7fTeBNBjgjZAgmeRKan6PU7HCae/XiUI554scVL9/SKc+CshGBG5rMtaGYWlpCjMqdmkR7s1atyu8NH4D9jE1FhjJrGKDH2CPVSJKffTqVMZLQ45jqeMytcmudkXRLw7hKR1LA6rE3KCN3vmI1zfvfXXkca7RVZqGMa7eSpOTBZwmMoPQGyJEBS8ft1aJEkzg4EOZdFiE/j1sBbNTTqR/3SHkB65fJrDX5ftPDAxk6UVmWOv9psp1z0r1Yx7pLTeMhhjSOZIKUuD16dkJ1oDRk6Qa3SbkpSkEqSAfCkVDu/9wJCdY1 greg@linux-2.home",
                            "os_profile_linux_config.69840937.ssh_keys.0.path": "/home/azureuser/.ssh/authorized_keys",
                            "os_profile_secrets.#": "0",
                            "os_profile_windows_config.#": "0",
                            "plan.#": "0",
                            "resource_group_name": "DEV",
                            "storage_data_disk.#": "0",
                            "storage_image_reference.#": "1",
                            "storage_image_reference.363552096.id": "",
                            "storage_image_reference.363552096.offer": "UbuntuServer",
                            "storage_image_reference.363552096.publisher": "Canonical",
                            "storage_image_reference.363552096.sku": "16.04.0-LTS",
                            "storage_image_reference.363552096.version": "latest",
                            "storage_os_disk.#": "1",
                            "storage_os_disk.0.caching": "ReadWrite",
                            "storage_os_disk.0.create_option": "FromImage",
                            "storage_os_disk.0.disk_size_gb": "30",
                            "storage_os_disk.0.image_uri": "",
                            "storage_os_disk.0.managed_disk_id": "/subscriptions/c784a352-b091-4eb3-83e3-c06015660293/resourceGroups/DEV/providers/Microsoft.Compute/disks/OsDiskapps",
                            "storage_os_disk.0.managed_disk_type": "Premium_LRS",
                            "storage_os_disk.0.name": "OsDiskapps",
                            "storage_os_disk.0.os_type": "Linux",
                            "storage_os_disk.0.vhd_uri": "",
                            "storage_os_disk.0.write_accelerator_enabled": "false",
                            "tags.%": "1",
                            "tags.environment": "APPS",
                            "vm_size": "Standard_B1ms",
                            "zones.#": "0"
                        },
                        "meta": {},
                        "tainted": false
                    },
                    "deposed": [],
                    "provider": "provider.azurerm"
                },
                "azurerm_virtual_machine.datavm": {
                    "type": "azurerm_virtual_machine",
                    "depends_on": [
                        "azurerm_network_interface.NetIntdata",
                        "azurerm_resource_group.DEV"
                    ],
                    "primary": {
                        "id": "/subscriptions/c784a352-b091-4eb3-83e3-c06015660293/resourceGroups/DEV/providers/Microsoft.Compute/virtualMachines/dataVM",
                        "attributes": {
                            "delete_data_disks_on_termination": "false",
                            "delete_os_disk_on_termination": "false",
                            "id": "/subscriptions/c784a352-b091-4eb3-83e3-c06015660293/resourceGroups/DEV/providers/Microsoft.Compute/virtualMachines/dataVM",
                            "identity.#": "0",
                            "location": "francecentral",
                            "name": "dataVM",
                            "network_interface_ids.#": "1",
                            "network_interface_ids.0": "/subscriptions/c784a352-b091-4eb3-83e3-c06015660293/resourceGroups/DEV/providers/Microsoft.Network/networkInterfaces/NWIDATA",
                            "os_profile.#": "1",
                            "os_profile.2469408235.admin_password": "",
                            "os_profile.2469408235.admin_username": "azureuser",
                            "os_profile.2469408235.computer_name": "data-vm-0",
                            "os_profile.2469408235.custom_data": "",
                            "os_profile_linux_config.#": "1",
                            "os_profile_linux_config.69840937.disable_password_authentication": "true",
                            "os_profile_linux_config.69840937.ssh_keys.#": "1",
                            "os_profile_linux_config.69840937.ssh_keys.0.key_data": "ssh-rsa AAAAB3NzaC1yc2EAAAADAQABAAABAQDfnlhuPRBjUP2Qt4iw6s5QltpN1HpB4UV2ob7fTeBNBjgjZAgmeRKan6PU7HCae/XiUI554scVL9/SKc+CshGBG5rMtaGYWlpCjMqdmkR7s1atyu8NH4D9jE1FhjJrGKDH2CPVSJKffTqVMZLQ45jqeMytcmudkXRLw7hKR1LA6rE3KCN3vmI1zfvfXXkca7RVZqGMa7eSpOTBZwmMoPQGyJEBS8ft1aJEkzg4EOZdFiE/j1sBbNTTqR/3SHkB65fJrDX5ftPDAxk6UVmWOv9psp1z0r1Yx7pLTeMhhjSOZIKUuD16dkJ1oDRk6Qa3SbkpSkEqSAfCkVDu/9wJCdY1 greg@linux-2.home",
                            "os_profile_linux_config.69840937.ssh_keys.0.path": "/home/azureuser/.ssh/authorized_keys",
                            "os_profile_secrets.#": "0",
                            "os_profile_windows_config.#": "0",
                            "plan.#": "0",
                            "resource_group_name": "DEV",
                            "storage_data_disk.#": "0",
                            "storage_image_reference.#": "1",
                            "storage_image_reference.363552096.id": "",
                            "storage_image_reference.363552096.offer": "UbuntuServer",
                            "storage_image_reference.363552096.publisher": "Canonical",
                            "storage_image_reference.363552096.sku": "16.04.0-LTS",
                            "storage_image_reference.363552096.version": "latest",
                            "storage_os_disk.#": "1",
                            "storage_os_disk.0.caching": "ReadWrite",
                            "storage_os_disk.0.create_option": "FromImage",
                            "storage_os_disk.0.disk_size_gb": "30",
                            "storage_os_disk.0.image_uri": "",
                            "storage_os_disk.0.managed_disk_id": "/subscriptions/c784a352-b091-4eb3-83e3-c06015660293/resourceGroups/DEV/providers/Microsoft.Compute/disks/OsDiskdata",
                            "storage_os_disk.0.managed_disk_type": "Premium_LRS",
                            "storage_os_disk.0.name": "OsDiskdata",
                            "storage_os_disk.0.os_type": "Linux",
                            "storage_os_disk.0.vhd_uri": "",
                            "storage_os_disk.0.write_accelerator_enabled": "false",
                            "tags.%": "1",
                            "tags.environment": "DATA",
                            "vm_size": "Standard_B1ms",
                            "zones.#": "0"
                        },
                        "meta": {},
                        "tainted": false
                    },
                    "deposed": [],
                    "provider": "provider.azurerm"
                },
                "azurerm_virtual_network.appsnetwork": {
                    "type": "azurerm_virtual_network",
                    "depends_on": [
                        "azurerm_resource_group.DEV"
                    ],
                    "primary": {
                        "id": "/subscriptions/c784a352-b091-4eb3-83e3-c06015660293/resourceGroups/DEV/providers/Microsoft.Network/virtualNetworks/appsVN",
                        "attributes": {
                            "address_space.#": "1",
                            "address_space.0": "10.0.0.0/24",
                            "ddos_protection_plan.#": "0",
                            "dns_servers.#": "0",
                            "id": "/subscriptions/c784a352-b091-4eb3-83e3-c06015660293/resourceGroups/DEV/providers/Microsoft.Network/virtualNetworks/appsVN",
                            "location": "francecentral",
                            "name": "appsVN",
                            "resource_group_name": "DEV",
                            "subnet.#": "1",
                            "subnet.374192196.address_prefix": "10.0.0.0/24",
                            "subnet.374192196.id": "/subscriptions/c784a352-b091-4eb3-83e3-c06015660293/resourceGroups/DEV/providers/Microsoft.Network/virtualNetworks/appsVN/subnets/appsSN",
                            "subnet.374192196.name": "appsSN",
                            "subnet.374192196.security_group": "/subscriptions/c784a352-b091-4eb3-83e3-c06015660293/resourceGroups/DEV/providers/Microsoft.Network/networkSecurityGroups/appsecu",
                            "tags.%": "1",
                            "tags.environment": "APPS"
                        },
                        "meta": {},
                        "tainted": false
                    },
                    "deposed": [],
                    "provider": "provider.azurerm"
                },
                "azurerm_virtual_network.datanetwork": {
                    "type": "azurerm_virtual_network",
                    "depends_on": [
                        "azurerm_resource_group.DEV"
                    ],
                    "primary": {
                        "id": "/subscriptions/c784a352-b091-4eb3-83e3-c06015660293/resourceGroups/DEV/providers/Microsoft.Network/virtualNetworks/dataVN",
                        "attributes": {
                            "address_space.#": "1",
                            "address_space.0": "10.0.0.0/24",
                            "ddos_protection_plan.#": "0",
                            "dns_servers.#": "0",
                            "id": "/subscriptions/c784a352-b091-4eb3-83e3-c06015660293/resourceGroups/DEV/providers/Microsoft.Network/virtualNetworks/dataVN",
                            "location": "francecentral",
                            "name": "dataVN",
                            "resource_group_name": "DEV",
                            "subnet.#": "1",
                            "subnet.472750067.address_prefix": "10.0.0.0/24",
                            "subnet.472750067.id": "/subscriptions/c784a352-b091-4eb3-83e3-c06015660293/resourceGroups/DEV/providers/Microsoft.Network/virtualNetworks/dataVN/subnets/dataSN",
                            "subnet.472750067.name": "dataSN",
                            "subnet.472750067.security_group": "/subscriptions/c784a352-b091-4eb3-83e3-c06015660293/resourceGroups/DEV/providers/Microsoft.Network/networkSecurityGroups/datasecu",
                            "tags.%": "1",
                            "tags.environment": "DATA"
                        },
                        "meta": {},
                        "tainted": false
                    },
                    "deposed": [],
                    "provider": "provider.azurerm"
                },
                "azurerm_virtual_network.technetwork": {
                    "type": "azurerm_virtual_network",
                    "depends_on": [
                        "azurerm_resource_group.DEV"
                    ],
                    "primary": {
                        "id": "/subscriptions/c784a352-b091-4eb3-83e3-c06015660293/resourceGroups/DEV/providers/Microsoft.Network/virtualNetworks/techVN",
                        "attributes": {
                            "address_space.#": "1",
                            "address_space.0": "10.0.0.0/24",
                            "ddos_protection_plan.#": "0",
                            "dns_servers.#": "0",
                            "id": "/subscriptions/c784a352-b091-4eb3-83e3-c06015660293/resourceGroups/DEV/providers/Microsoft.Network/virtualNetworks/techVN",
                            "location": "francecentral",
                            "name": "techVN",
                            "resource_group_name": "DEV",
                            "subnet.#": "1",
                            "subnet.3772513371.address_prefix": "10.0.0.0/24",
                            "subnet.3772513371.id": "/subscriptions/c784a352-b091-4eb3-83e3-c06015660293/resourceGroups/DEV/providers/Microsoft.Network/virtualNetworks/techVN/subnets/techSN",
                            "subnet.3772513371.name": "techSN",
                            "subnet.3772513371.security_group": "/subscriptions/c784a352-b091-4eb3-83e3-c06015660293/resourceGroups/DEV/providers/Microsoft.Network/networkSecurityGroups/techsecu",
                            "tags.%": "1",
                            "tags.environment": "TECH"
                        },
                        "meta": {},
                        "tainted": false
                    },
                    "deposed": [],
                    "provider": "provider.azurerm"
                }
            },
            "depends_on": []
        }
    ]
}
